// !$*UTF8*$!
{
	archiveVersion = 1;
	classes = {
	};
	objectVersion = 46;
	objects = {

/* Begin PBXBuildFile section */
		861FFE741A10F1A0004BC3EE /* Output.c in Sources */ = {isa = PBXBuildFile; fileRef = 861FFE721A10F1A0004BC3EE /* Output.c */; };
		861FFE771A114CE3004BC3EE /* User Interaction Module.c in Sources */ = {isa = PBXBuildFile; fileRef = 861FFE751A114CE3004BC3EE /* User Interaction Module.c */; };
		862432FF1A0F8041004ADD65 /* File Management.c in Sources */ = {isa = PBXBuildFile; fileRef = 862432FD1A0F8041004ADD65 /* File Management.c */; };
		86279BBD1A0ACFF200A5E6B5 /* main.c in Sources */ = {isa = PBXBuildFile; fileRef = 86279BBC1A0ACFF200A5E6B5 /* main.c */; };
		86279BCD1A0AD06100A5E6B5 /* Binary Search Tree.c in Sources */ = {isa = PBXBuildFile; fileRef = 86279BC31A0AD06100A5E6B5 /* Binary Search Tree.c */; };
		86279BCE1A0AD06100A5E6B5 /* Events Tree.c in Sources */ = {isa = PBXBuildFile; fileRef = 86279BC51A0AD06100A5E6B5 /* Events Tree.c */; };
		86279BCF1A0AD06100A5E6B5 /* Search Table.c in Sources */ = {isa = PBXBuildFile; fileRef = 86279BC81A0AD06100A5E6B5 /* Search Table.c */; };
		86279BD01A0AD06100A5E6B5 /* Support Functions.c in Sources */ = {isa = PBXBuildFile; fileRef = 86279BCB1A0AD06100A5E6B5 /* Support Functions.c */; };
		863062211A1A86D7009E801E /* Object Priority Queue.c in Sources */ = {isa = PBXBuildFile; fileRef = 8630621F1A1A86D7009E801E /* Object Priority Queue.c */; };
		863B25A31A139097002AC7BE /* Event Queue.c in Sources */ = {isa = PBXBuildFile; fileRef = 863B25A11A139097002AC7BE /* Event Queue.c */; };
		863B25A61A13E795002AC7BE /* Event Capsule.c in Sources */ = {isa = PBXBuildFile; fileRef = 863B25A41A13E795002AC7BE /* Event Capsule.c */; };
		864741931A0FFB3A001ECAD7 /* Date and Time.c in Sources */ = {isa = PBXBuildFile; fileRef = 864741911A0FFB3A001ECAD7 /* Date and Time.c */; };
		8654A9371A1D11D90057A69A /* Object List.c in Sources */ = {isa = PBXBuildFile; fileRef = 8654A9351A1D11D90057A69A /* Object List.c */; };
		86D7A44A1A0B8DFD009C67EF /* Lists Management.c in Sources */ = {isa = PBXBuildFile; fileRef = 86D7A4481A0B8DFD009C67EF /* Lists Management.c */; };
		86D7A44E1A0BB7B1009C67EF /* Searching Heap.c in Sources */ = {isa = PBXBuildFile; fileRef = 86D7A44C1A0BB7B1009C67EF /* Searching Heap.c */; };
		86D7A4591A0CC6C9009C67EF /* Event Binary Search Tree Tests.c in Sources */ = {isa = PBXBuildFile; fileRef = 86D7A4571A0CC6C9009C67EF /* Event Binary Search Tree Tests.c */; };
		86D7A45C1A0CC73F009C67EF /* Searching Heap tests.c in Sources */ = {isa = PBXBuildFile; fileRef = 86D7A45A1A0CC73F009C67EF /* Searching Heap tests.c */; };
		86E017FD1A1CCED10063B9EF /* AVL test cases.c in Sources */ = {isa = PBXBuildFile; fileRef = 86E017FB1A1CCED10063B9EF /* AVL test cases.c */; };
		86F1EF821A1A8746002FD500 /* Testing.c in Sources */ = {isa = PBXBuildFile; fileRef = 86F1EF801A1A8746002FD500 /* Testing.c */; };
/* End PBXBuildFile section */

/* Begin PBXCopyFilesBuildPhase section */
		86279BB71A0ACFF200A5E6B5 /* CopyFiles */ = {
			isa = PBXCopyFilesBuildPhase;
			buildActionMask = 2147483647;
			dstPath = /usr/share/man/man1/;
			dstSubfolderSpec = 0;
			files = (
			);
			runOnlyForDeploymentPostprocessing = 1;
		};
/* End PBXCopyFilesBuildPhase section */

/* Begin PBXFileReference section */
		861FFE721A10F1A0004BC3EE /* Output.c */ = {isa = PBXFileReference; fileEncoding = 4; lastKnownFileType = sourcecode.c.c; path = Output.c; sourceTree = "<group>"; };
		861FFE731A10F1A0004BC3EE /* Output.h */ = {isa = PBXFileReference; fileEncoding = 4; lastKnownFileType = sourcecode.c.h; path = Output.h; sourceTree = "<group>"; };
		861FFE751A114CE3004BC3EE /* User Interaction Module.c */ = {isa = PBXFileReference; fileEncoding = 4; lastKnownFileType = sourcecode.c.c; path = "User Interaction Module.c"; sourceTree = "<group>"; };
		861FFE761A114CE3004BC3EE /* User Interaction Module.h */ = {isa = PBXFileReference; fileEncoding = 4; lastKnownFileType = sourcecode.c.h; path = "User Interaction Module.h"; sourceTree = "<group>"; };
		862432FD1A0F8041004ADD65 /* File Management.c */ = {isa = PBXFileReference; fileEncoding = 4; lastKnownFileType = sourcecode.c.c; path = "File Management.c"; sourceTree = "<group>"; };
		862432FE1A0F8041004ADD65 /* File Management.h */ = {isa = PBXFileReference; fileEncoding = 4; lastKnownFileType = sourcecode.c.h; path = "File Management.h"; sourceTree = "<group>"; };
		86279BB91A0ACFF200A5E6B5 /* Calendar */ = {isa = PBXFileReference; explicitFileType = "compiled.mach-o.executable"; includeInIndex = 0; path = Calendar; sourceTree = BUILT_PRODUCTS_DIR; };
		86279BBC1A0ACFF200A5E6B5 /* main.c */ = {isa = PBXFileReference; lastKnownFileType = sourcecode.c.c; path = main.c; sourceTree = "<group>"; };
		86279BC31A0AD06100A5E6B5 /* Binary Search Tree.c */ = {isa = PBXFileReference; fileEncoding = 4; lastKnownFileType = sourcecode.c.c; path = "Binary Search Tree.c"; sourceTree = "<group>"; };
		86279BC41A0AD06100A5E6B5 /* Binary Search Tree.h */ = {isa = PBXFileReference; fileEncoding = 4; lastKnownFileType = sourcecode.c.h; path = "Binary Search Tree.h"; sourceTree = "<group>"; };
		86279BC51A0AD06100A5E6B5 /* Events Tree.c */ = {isa = PBXFileReference; fileEncoding = 4; lastKnownFileType = sourcecode.c.c; path = "Events Tree.c"; sourceTree = "<group>"; };
		86279BC61A0AD06100A5E6B5 /* Events Tree.h */ = {isa = PBXFileReference; fileEncoding = 4; lastKnownFileType = sourcecode.c.h; path = "Events Tree.h"; sourceTree = "<group>"; };
		86279BC71A0AD06100A5E6B5 /* Headers.h */ = {isa = PBXFileReference; fileEncoding = 4; lastKnownFileType = sourcecode.c.h; path = Headers.h; sourceTree = "<group>"; };
		86279BC81A0AD06100A5E6B5 /* Search Table.c */ = {isa = PBXFileReference; fileEncoding = 4; lastKnownFileType = sourcecode.c.c; path = "Search Table.c"; sourceTree = "<group>"; };
		86279BC91A0AD06100A5E6B5 /* Search Table.h */ = {isa = PBXFileReference; fileEncoding = 4; lastKnownFileType = sourcecode.c.h; path = "Search Table.h"; sourceTree = "<group>"; };
		86279BCA1A0AD06100A5E6B5 /* Structs.h */ = {isa = PBXFileReference; fileEncoding = 4; lastKnownFileType = sourcecode.c.h; path = Structs.h; sourceTree = "<group>"; };
		86279BCB1A0AD06100A5E6B5 /* Support Functions.c */ = {isa = PBXFileReference; fileEncoding = 4; lastKnownFileType = sourcecode.c.c; path = "Support Functions.c"; sourceTree = "<group>"; };
		86279BCC1A0AD06100A5E6B5 /* Support Functions.h */ = {isa = PBXFileReference; fileEncoding = 4; lastKnownFileType = sourcecode.c.h; path = "Support Functions.h"; sourceTree = "<group>"; };
		8630621F1A1A86D7009E801E /* Object Priority Queue.c */ = {isa = PBXFileReference; fileEncoding = 4; lastKnownFileType = sourcecode.c.c; path = "Object Priority Queue.c"; sourceTree = "<group>"; };
		863062201A1A86D7009E801E /* Object Priority Queue.h */ = {isa = PBXFileReference; fileEncoding = 4; lastKnownFileType = sourcecode.c.h; path = "Object Priority Queue.h"; sourceTree = "<group>"; };
		863B25A11A139097002AC7BE /* Event Queue.c */ = {isa = PBXFileReference; fileEncoding = 4; lastKnownFileType = sourcecode.c.c; path = "Event Queue.c"; sourceTree = "<group>"; };
		863B25A21A139097002AC7BE /* Event Queue.h */ = {isa = PBXFileReference; fileEncoding = 4; lastKnownFileType = sourcecode.c.h; path = "Event Queue.h"; sourceTree = "<group>"; };
		863B25A41A13E795002AC7BE /* Event Capsule.c */ = {isa = PBXFileReference; fileEncoding = 4; lastKnownFileType = sourcecode.c.c; path = "Event Capsule.c"; sourceTree = "<group>"; };
		863B25A51A13E795002AC7BE /* Event Capsule.h */ = {isa = PBXFileReference; fileEncoding = 4; lastKnownFileType = sourcecode.c.h; path = "Event Capsule.h"; sourceTree = "<group>"; };
		864741911A0FFB3A001ECAD7 /* Date and Time.c */ = {isa = PBXFileReference; fileEncoding = 4; lastKnownFileType = sourcecode.c.c; path = "Date and Time.c"; sourceTree = "<group>"; };
		864741921A0FFB3A001ECAD7 /* Date and Time.h */ = {isa = PBXFileReference; fileEncoding = 4; lastKnownFileType = sourcecode.c.h; path = "Date and Time.h"; sourceTree = "<group>"; };
		8654A9351A1D11D90057A69A /* Object List.c */ = {isa = PBXFileReference; fileEncoding = 4; lastKnownFileType = sourcecode.c.c; path = "Object List.c"; sourceTree = "<group>"; };
		8654A9361A1D11D90057A69A /* Object List.h */ = {isa = PBXFileReference; fileEncoding = 4; lastKnownFileType = sourcecode.c.h; path = "Object List.h"; sourceTree = "<group>"; };
		86D7A4481A0B8DFD009C67EF /* Lists Management.c */ = {isa = PBXFileReference; fileEncoding = 4; lastKnownFileType = sourcecode.c.c; path = "Lists Management.c"; sourceTree = "<group>"; };
		86D7A4491A0B8DFD009C67EF /* Lists Management.h */ = {isa = PBXFileReference; fileEncoding = 4; lastKnownFileType = sourcecode.c.h; path = "Lists Management.h"; sourceTree = "<group>"; };
		86D7A44B1A0BB4BA009C67EF /* Main.h */ = {isa = PBXFileReference; lastKnownFileType = sourcecode.c.h; path = Main.h; sourceTree = "<group>"; };
		86D7A44C1A0BB7B1009C67EF /* Searching Heap.c */ = {isa = PBXFileReference; fileEncoding = 4; lastKnownFileType = sourcecode.c.c; path = "Searching Heap.c"; sourceTree = "<group>"; };
		86D7A44D1A0BB7B1009C67EF /* Searching Heap.h */ = {isa = PBXFileReference; fileEncoding = 4; lastKnownFileType = sourcecode.c.h; path = "Searching Heap.h"; sourceTree = "<group>"; };
		86D7A4571A0CC6C9009C67EF /* Event Binary Search Tree Tests.c */ = {isa = PBXFileReference; fileEncoding = 4; lastKnownFileType = sourcecode.c.c; path = "Event Binary Search Tree Tests.c"; sourceTree = "<group>"; };
		86D7A45A1A0CC73F009C67EF /* Searching Heap tests.c */ = {isa = PBXFileReference; fileEncoding = 4; lastKnownFileType = sourcecode.c.c; path = "Searching Heap tests.c"; sourceTree = "<group>"; };
		86E017FB1A1CCED10063B9EF /* AVL test cases.c */ = {isa = PBXFileReference; fileEncoding = 4; lastKnownFileType = sourcecode.c.c; path = "AVL test cases.c"; sourceTree = "<group>"; };
		86E017FC1A1CCED10063B9EF /* AVL test cases.h */ = {isa = PBXFileReference; fileEncoding = 4; lastKnownFileType = sourcecode.c.h; path = "AVL test cases.h"; sourceTree = "<group>"; };
		86F1EF801A1A8746002FD500 /* Testing.c */ = {isa = PBXFileReference; fileEncoding = 4; lastKnownFileType = sourcecode.c.c; path = Testing.c; sourceTree = "<group>"; };
		86F1EF811A1A8746002FD500 /* Testing.h */ = {isa = PBXFileReference; fileEncoding = 4; lastKnownFileType = sourcecode.c.h; path = Testing.h; sourceTree = "<group>"; };
/* End PBXFileReference section */

/* Begin PBXFrameworksBuildPhase section */
		86279BB61A0ACFF200A5E6B5 /* Frameworks */ = {
			isa = PBXFrameworksBuildPhase;
			buildActionMask = 2147483647;
			files = (
			);
			runOnlyForDeploymentPostprocessing = 0;
		};
/* End PBXFrameworksBuildPhase section */

/* Begin PBXGroup section */
		86279BB01A0ACFF200A5E6B5 = {
			isa = PBXGroup;
			children = (
				86279BBB1A0ACFF200A5E6B5 /* Calendar */,
				86279BBA1A0ACFF200A5E6B5 /* Products */,
			);
			sourceTree = "<group>";
		};
		86279BBA1A0ACFF200A5E6B5 /* Products */ = {
			isa = PBXGroup;
			children = (
				86279BB91A0ACFF200A5E6B5 /* Calendar */,
			);
			name = Products;
			sourceTree = "<group>";
		};
		86279BBB1A0ACFF200A5E6B5 /* Calendar */ = {
			isa = PBXGroup;
			children = (
				86279BC71A0AD06100A5E6B5 /* Headers.h */,
				86279BCA1A0AD06100A5E6B5 /* Structs.h */,
				86279BBC1A0ACFF200A5E6B5 /* main.c */,
				86D7A44B1A0BB4BA009C67EF /* Main.h */,
				86279BC31A0AD06100A5E6B5 /* Binary Search Tree.c */,
				86279BC41A0AD06100A5E6B5 /* Binary Search Tree.h */,
				86279BC51A0AD06100A5E6B5 /* Events Tree.c */,
				86279BC61A0AD06100A5E6B5 /* Events Tree.h */,
				86279BC81A0AD06100A5E6B5 /* Search Table.c */,
				86279BC91A0AD06100A5E6B5 /* Search Table.h */,
				86279BCB1A0AD06100A5E6B5 /* Support Functions.c */,
				86279BCC1A0AD06100A5E6B5 /* Support Functions.h */,
				86D7A4481A0B8DFD009C67EF /* Lists Management.c */,
				86D7A4491A0B8DFD009C67EF /* Lists Management.h */,
				86D7A44C1A0BB7B1009C67EF /* Searching Heap.c */,
				86D7A44D1A0BB7B1009C67EF /* Searching Heap.h */,
				862432FD1A0F8041004ADD65 /* File Management.c */,
				862432FE1A0F8041004ADD65 /* File Management.h */,
				864741911A0FFB3A001ECAD7 /* Date and Time.c */,
				864741921A0FFB3A001ECAD7 /* Date and Time.h */,
				861FFE721A10F1A0004BC3EE /* Output.c */,
				861FFE731A10F1A0004BC3EE /* Output.h */,
				861FFE751A114CE3004BC3EE /* User Interaction Module.c */,
				861FFE761A114CE3004BC3EE /* User Interaction Module.h */,
				863B25A11A139097002AC7BE /* Event Queue.c */,
				863B25A21A139097002AC7BE /* Event Queue.h */,
				863B25A41A13E795002AC7BE /* Event Capsule.c */,
				863B25A51A13E795002AC7BE /* Event Capsule.h */,
				8630621F1A1A86D7009E801E /* Object Priority Queue.c */,
				863062201A1A86D7009E801E /* Object Priority Queue.h */,
				8654A9351A1D11D90057A69A /* Object List.c */,
				8654A9361A1D11D90057A69A /* Object List.h */,
				86D7A4521A0CC442009C67EF /* Testing */,
			);
			path = Calendar;
			sourceTree = "<group>";
		};
		86D7A4521A0CC442009C67EF /* Testing */ = {
			isa = PBXGroup;
			children = (
				86D7A4571A0CC6C9009C67EF /* Event Binary Search Tree Tests.c */,
				86D7A45A1A0CC73F009C67EF /* Searching Heap tests.c */,
				86F1EF801A1A8746002FD500 /* Testing.c */,
				86F1EF811A1A8746002FD500 /* Testing.h */,
				86E017FB1A1CCED10063B9EF /* AVL test cases.c */,
				86E017FC1A1CCED10063B9EF /* AVL test cases.h */,
			);
			name = Testing;
			sourceTree = "<group>";
		};
/* End PBXGroup section */

/* Begin PBXNativeTarget section */
		86279BB81A0ACFF200A5E6B5 /* Calendar */ = {
			isa = PBXNativeTarget;
			buildConfigurationList = 86279BC01A0ACFF200A5E6B5 /* Build configuration list for PBXNativeTarget "Calendar" */;
			buildPhases = (
				86279BB51A0ACFF200A5E6B5 /* Sources */,
				86279BB61A0ACFF200A5E6B5 /* Frameworks */,
				86279BB71A0ACFF200A5E6B5 /* CopyFiles */,
			);
			buildRules = (
			);
			dependencies = (
			);
			name = Calendar;
			productName = Calendar;
			productReference = 86279BB91A0ACFF200A5E6B5 /* Calendar */;
			productType = "com.apple.product-type.tool";
		};
/* End PBXNativeTarget section */

/* Begin PBXProject section */
		86279BB11A0ACFF200A5E6B5 /* Project object */ = {
			isa = PBXProject;
			attributes = {
				LastUpgradeCheck = 0610;
				ORGANIZATIONNAME = "Universidade Federal De Alagoas";
				TargetAttributes = {
					86279BB81A0ACFF200A5E6B5 = {
						CreatedOnToolsVersion = 6.1;
					};
				};
			};
			buildConfigurationList = 86279BB41A0ACFF200A5E6B5 /* Build configuration list for PBXProject "Calendar" */;
			compatibilityVersion = "Xcode 3.2";
			developmentRegion = English;
			hasScannedForEncodings = 0;
			knownRegions = (
				en,
			);
			mainGroup = 86279BB01A0ACFF200A5E6B5;
			productRefGroup = 86279BBA1A0ACFF200A5E6B5 /* Products */;
			projectDirPath = "";
			projectRoot = "";
			targets = (
				86279BB81A0ACFF200A5E6B5 /* Calendar */,
			);
		};
/* End PBXProject section */

/* Begin PBXSourcesBuildPhase section */
		86279BB51A0ACFF200A5E6B5 /* Sources */ = {
			isa = PBXSourcesBuildPhase;
			buildActionMask = 2147483647;
			files = (
				861FFE771A114CE3004BC3EE /* User Interaction Module.c in Sources */,
				86D7A45C1A0CC73F009C67EF /* Searching Heap tests.c in Sources */,
				86279BCD1A0AD06100A5E6B5 /* Binary Search Tree.c in Sources */,
				86D7A44A1A0B8DFD009C67EF /* Lists Management.c in Sources */,
				86F1EF821A1A8746002FD500 /* Testing.c in Sources */,
				86D7A4591A0CC6C9009C67EF /* Event Binary Search Tree Tests.c in Sources */,
				86279BCF1A0AD06100A5E6B5 /* Search Table.c in Sources */,
				863062211A1A86D7009E801E /* Object Priority Queue.c in Sources */,
				862432FF1A0F8041004ADD65 /* File Management.c in Sources */,
				863B25A31A139097002AC7BE /* Event Queue.c in Sources */,
				86279BD01A0AD06100A5E6B5 /* Support Functions.c in Sources */,
				86E017FD1A1CCED10063B9EF /* AVL test cases.c in Sources */,
				86279BCE1A0AD06100A5E6B5 /* Events Tree.c in Sources */,
				86D7A44E1A0BB7B1009C67EF /* Searching Heap.c in Sources */,
				86279BBD1A0ACFF200A5E6B5 /* main.c in Sources */,
				861FFE741A10F1A0004BC3EE /* Output.c in Sources */,
				863B25A61A13E795002AC7BE /* Event Capsule.c in Sources */,
				8654A9371A1D11D90057A69A /* Object List.c in Sources */,
				864741931A0FFB3A001ECAD7 /* Date and Time.c in Sources */,
			);
			runOnlyForDeploymentPostprocessing = 0;
		};
/* End PBXSourcesBuildPhase section */

/* Begin XCBuildConfiguration section */
		86279BBE1A0ACFF200A5E6B5 /* Debug */ = {
			isa = XCBuildConfiguration;
			buildSettings = {
				ALWAYS_SEARCH_USER_PATHS = NO;
				CLANG_CXX_LANGUAGE_STANDARD = "gnu++0x";
				CLANG_CXX_LIBRARY = "libc++";
				CLANG_ENABLE_MODULES = YES;
				CLANG_ENABLE_OBJC_ARC = YES;
				CLANG_WARN_BOOL_CONVERSION = YES;
				CLANG_WARN_CONSTANT_CONVERSION = YES;
				CLANG_WARN_DIRECT_OBJC_ISA_USAGE = YES_ERROR;
				CLANG_WARN_EMPTY_BODY = YES;
				CLANG_WARN_ENUM_CONVERSION = YES;
				CLANG_WARN_INT_CONVERSION = YES;
				CLANG_WARN_OBJC_ROOT_CLASS = YES_ERROR;
				CLANG_WARN_UNREACHABLE_CODE = YES;
				CLANG_WARN__DUPLICATE_METHOD_MATCH = YES;
				COPY_PHASE_STRIP = NO;
				ENABLE_STRICT_OBJC_MSGSEND = YES;
				GCC_C_LANGUAGE_STANDARD = gnu99;
				GCC_DYNAMIC_NO_PIC = NO;
				GCC_OPTIMIZATION_LEVEL = 0;
				GCC_PREPROCESSOR_DEFINITIONS = (
					"DEBUG=1",
					"$(inherited)",
				);
				GCC_SYMBOLS_PRIVATE_EXTERN = NO;
				GCC_WARN_64_TO_32_BIT_CONVERSION = YES;
				GCC_WARN_ABOUT_RETURN_TYPE = YES_ERROR;
				GCC_WARN_UNDECLARED_SELECTOR = YES;
				GCC_WARN_UNINITIALIZED_AUTOS = YES_AGGRESSIVE;
				GCC_WARN_UNUSED_FUNCTION = YES;
				GCC_WARN_UNUSED_VARIABLE = YES;
				MACOSX_DEPLOYMENT_TARGET = 10.10;
				MTL_ENABLE_DEBUG_INFO = YES;
				ONLY_ACTIVE_ARCH = YES;
				SDKROOT = macosx;
			};
			name = Debug;
		};
		86279BBF1A0ACFF200A5E6B5 /* Release */ = {
			isa = XCBuildConfiguration;
			buildSettings = {
				ALWAYS_SEARCH_USER_PATHS = NO;
				CLANG_CXX_LANGUAGE_STANDARD = "gnu++0x";
				CLANG_CXX_LIBRARY = "libc++";
				CLANG_ENABLE_MODULES = YES;
				CLANG_ENABLE_OBJC_ARC = YES;
				CLANG_WARN_BOOL_CONVERSION = YES;
				CLANG_WARN_CONSTANT_CONVERSION = YES;
				CLANG_WARN_DIRECT_OBJC_ISA_USAGE = YES_ERROR;
				CLANG_WARN_EMPTY_BODY = YES;
				CLANG_WARN_ENUM_CONVERSION = YES;
				CLANG_WARN_INT_CONVERSION = YES;
				CLANG_WARN_OBJC_ROOT_CLASS = YES_ERROR;
				CLANG_WARN_UNREACHABLE_CODE = YES;
				CLANG_WARN__DUPLICATE_METHOD_MATCH = YES;
				COPY_PHASE_STRIP = YES;
				DEBUG_INFORMATION_FORMAT = "dwarf-with-dsym";
				ENABLE_NS_ASSERTIONS = NO;
				ENABLE_STRICT_OBJC_MSGSEND = YES;
				GCC_C_LANGUAGE_STANDARD = gnu99;
				GCC_WARN_64_TO_32_BIT_CONVERSION = YES;
				GCC_WARN_ABOUT_RETURN_TYPE = YES_ERROR;
				GCC_WARN_UNDECLARED_SELECTOR = YES;
				GCC_WARN_UNINITIALIZED_AUTOS = YES_AGGRESSIVE;
				GCC_WARN_UNUSED_FUNCTION = YES;
				GCC_WARN_UNUSED_VARIABLE = YES;
				MACOSX_DEPLOYMENT_TARGET = 10.10;
				MTL_ENABLE_DEBUG_INFO = NO;
				SDKROOT = macosx;
			};
			name = Release;
		};
		86279BC11A0ACFF200A5E6B5 /* Debug */ = {
			isa = XCBuildConfiguration;
			buildSettings = {
				PRODUCT_NAME = "$(TARGET_NAME)";
			};
			name = Debug;
		};
		86279BC21A0ACFF200A5E6B5 /* Release */ = {
			isa = XCBuildConfiguration;
			buildSettings = {
				PRODUCT_NAME = "$(TARGET_NAME)";
			};
			name = Release;
		};
/* End XCBuildConfiguration section */

/* Begin XCConfigurationList section */
		86279BB41A0ACFF200A5E6B5 /* Build configuration list for PBXProject "Calendar" */ = {
			isa = XCConfigurationList;
			buildConfigurations = (
				86279BBE1A0ACFF200A5E6B5 /* Debug */,
				86279BBF1A0ACFF200A5E6B5 /* Release */,
			);
			defaultConfigurationIsVisible = 0;
			defaultConfigurationName = Release;
		};
		86279BC01A0ACFF200A5E6B5 /* Build configuration list for PBXNativeTarget "Calendar" */ = {
			isa = XCConfigurationList;
			buildConfigurations = (
				86279BC11A0ACFF200A5E6B5 /* Debug */,
				86279BC21A0ACFF200A5E6B5 /* Release */,
			);
			defaultConfigurationIsVisible = 0;
			defaultConfigurationName = Release;
		};
/* End XCConfigurationList section */
	};
	rootObject = 86279BB11A0ACFF200A5E6B5 /* Project object */;
}
